
Microsoft Visual Studio Solution File, Format Version 12.00
# Visual Studio Version 17
VisualStudioVersion = 17.12.35527.113
MinimumVisualStudioVersion = 10.0.40219.1
Project("{FAE04EC0-301F-11D3-BF4B-00C04F79EFBC}") = "Server", "Server\Server.csproj", "{FC96F501-4C58-45FD-A4E4-ADD0B20C3CAF}"
EndProject
Project("{FAE04EC0-301F-11D3-BF4B-00C04F79EFBC}") = "Frontend.Client", "Frontend.Client\Frontend.Client.csproj", "{2A4AD453-C97D-40A4-BC5E-4C6D3152F03E}"
EndProject
Project("{E53339B2-1760-4266-BCC7-CA923CBCF16C}") = "docker-compose", "docker-compose.dcproj", "{406165DE-45C2-455D-9B79-C09CAC2DA44F}"
EndProject
Global
	GlobalSection(SolutionConfigurationPlatforms) = preSolution
		Debug|Any CPU = Debug|Any CPU
		Release|Any CPU = Release|Any CPU
	EndGlobalSection
	GlobalSection(ProjectConfigurationPlatforms) = postSolution
		{FC96F501-4C58-45FD-A4E4-ADD0B20C3CAF}.Debug|Any CPU.ActiveCfg = Debug|Any CPU
		{FC96F501-4C58-45FD-A4E4-ADD0B20C3CAF}.Debug|Any CPU.Build.0 = Debug|Any CPU
		{FC96F501-4C58-45FD-A4E4-ADD0B20C3CAF}.Release|Any CPU.ActiveCfg = Release|Any CPU
		{FC96F501-4C58-45FD-A4E4-ADD0B20C3CAF}.Release|Any CPU.Build.0 = Release|Any CPU
		{2A4AD453-C97D-40A4-BC5E-4C6D3152F03E}.Debug|Any CPU.ActiveCfg = Debug|Any CPU
		{2A4AD453-C97D-40A4-BC5E-4C6D3152F03E}.Debug|Any CPU.Build.0 = Debug|Any CPU
		{2A4AD453-C97D-40A4-BC5E-4C6D3152F03E}.Release|Any CPU.ActiveCfg = Release|Any CPU
		{2A4AD453-C97D-40A4-BC5E-4C6D3152F03E}.Release|Any CPU.Build.0 = Release|Any CPU
		{406165DE-45C2-455D-9B79-C09CAC2DA44F}.Debug|Any CPU.ActiveCfg = Debug|Any CPU
		{406165DE-45C2-455D-9B79-C09CAC2DA44F}.Debug|Any CPU.Build.0 = Debug|Any CPU
		{406165DE-45C2-455D-9B79-C09CAC2DA44F}.Release|Any CPU.ActiveCfg = Release|Any CPU
		{406165DE-45C2-455D-9B79-C09CAC2DA44F}.Release|Any CPU.Build.0 = Release|Any CPU
	EndGlobalSection
	GlobalSection(SolutionProperties) = preSolution
		HideSolutionNode = FALSE
	EndGlobalSection
EndGlobal
